
Microsoft Visual Studio Solution File, Format Version 12.00
# Visual Studio Version 17
VisualStudioVersion = 17.1.32210.238
MinimumVisualStudioVersion = 10.0.40219.1
Project("{FAE04EC0-301F-11D3-BF4B-00C04F79EFBC}") = "Entities", "Entities\Entities.csproj", "{107E5163-EFF3-4EFD-A9EC-721B085EB3B3}"
EndProject
Project("{FAE04EC0-301F-11D3-BF4B-00C04F79EFBC}") = "DataAccess", "DataAccess\DataAccess.csproj", "{2A17E739-63B2-44C5-A7CB-D53F7C92B1D3}"
EndProject
Project("{FAE04EC0-301F-11D3-BF4B-00C04F79EFBC}") = "Business", "Business\Business.csproj", "{6BB42F0A-F718-4B48-9D73-1DC2BB7EBAE9}"
EndProject
Project("{FAE04EC0-301F-11D3-BF4B-00C04F79EFBC}") = "Core", "Core\Core.csproj", "{142DB439-B762-450D-860A-EC5AB503F528}"
EndProject
Project("{FAE04EC0-301F-11D3-BF4B-00C04F79EFBC}") = "WebAPI", "WebAPI\WebAPI.csproj", "{9C8FF6C0-6722-4173-9EA3-72F79AB61E26}"
EndProject
Global
	GlobalSection(SolutionConfigurationPlatforms) = preSolution
		Debug|Any CPU = Debug|Any CPU
		Release|Any CPU = Release|Any CPU
	EndGlobalSection
	GlobalSection(ProjectConfigurationPlatforms) = postSolution
		{107E5163-EFF3-4EFD-A9EC-721B085EB3B3}.Debug|Any CPU.ActiveCfg = Debug|Any CPU
		{107E5163-EFF3-4EFD-A9EC-721B085EB3B3}.Debug|Any CPU.Build.0 = Debug|Any CPU
		{107E5163-EFF3-4EFD-A9EC-721B085EB3B3}.Release|Any CPU.ActiveCfg = Release|Any CPU
		{107E5163-EFF3-4EFD-A9EC-721B085EB3B3}.Release|Any CPU.Build.0 = Release|Any CPU
		{2A17E739-63B2-44C5-A7CB-D53F7C92B1D3}.Debug|Any CPU.ActiveCfg = Debug|Any CPU
		{2A17E739-63B2-44C5-A7CB-D53F7C92B1D3}.Debug|Any CPU.Build.0 = Debug|Any CPU
		{2A17E739-63B2-44C5-A7CB-D53F7C92B1D3}.Release|Any CPU.ActiveCfg = Release|Any CPU
		{2A17E739-63B2-44C5-A7CB-D53F7C92B1D3}.Release|Any CPU.Build.0 = Release|Any CPU
		{6BB42F0A-F718-4B48-9D73-1DC2BB7EBAE9}.Debug|Any CPU.ActiveCfg = Debug|Any CPU
		{6BB42F0A-F718-4B48-9D73-1DC2BB7EBAE9}.Debug|Any CPU.Build.0 = Debug|Any CPU
		{6BB42F0A-F718-4B48-9D73-1DC2BB7EBAE9}.Release|Any CPU.ActiveCfg = Release|Any CPU
		{6BB42F0A-F718-4B48-9D73-1DC2BB7EBAE9}.Release|Any CPU.Build.0 = Release|Any CPU
		{142DB439-B762-450D-860A-EC5AB503F528}.Debug|Any CPU.ActiveCfg = Debug|Any CPU
		{142DB439-B762-450D-860A-EC5AB503F528}.Debug|Any CPU.Build.0 = Debug|Any CPU
		{142DB439-B762-450D-860A-EC5AB503F528}.Release|Any CPU.ActiveCfg = Release|Any CPU
		{142DB439-B762-450D-860A-EC5AB503F528}.Release|Any CPU.Build.0 = Release|Any CPU
		{9C8FF6C0-6722-4173-9EA3-72F79AB61E26}.Debug|Any CPU.ActiveCfg = Debug|Any CPU
		{9C8FF6C0-6722-4173-9EA3-72F79AB61E26}.Debug|Any CPU.Build.0 = Debug|Any CPU
		{9C8FF6C0-6722-4173-9EA3-72F79AB61E26}.Release|Any CPU.ActiveCfg = Release|Any CPU
		{9C8FF6C0-6722-4173-9EA3-72F79AB61E26}.Release|Any CPU.Build.0 = Release|Any CPU
	EndGlobalSection
	GlobalSection(SolutionProperties) = preSolution
		HideSolutionNode = FALSE
	EndGlobalSection
	GlobalSection(ExtensibilityGlobals) = postSolution
		SolutionGuid = {DBAB5030-B800-4940-B967-C490B6962784}
	EndGlobalSection
EndGlobal
